
Microsoft Visual Studio Solution File, Format Version 12.00
# Visual Studio Version 17
VisualStudioVersion = 17.8.34525.116
MinimumVisualStudioVersion = 10.0.40219.1
Project("{FAE04EC0-301F-11D3-BF4B-00C04F79EFBC}") = "DataBase_Connect", "DataBase_Connect\DataBase_Connect.csproj", "{764DB222-DDF4-41A9-91D9-730693A1AF87}"
EndProject
Global
	GlobalSection(SolutionConfigurationPlatforms) = preSolution
		Debug|Any CPU = Debug|Any CPU
		Release|Any CPU = Release|Any CPU
	EndGlobalSection
	GlobalSection(ProjectConfigurationPlatforms) = postSolution
		{764DB222-DDF4-41A9-91D9-730693A1AF87}.Debug|Any CPU.ActiveCfg = Debug|Any CPU
		{764DB222-DDF4-41A9-91D9-730693A1AF87}.Debug|Any CPU.Build.0 = Debug|Any CPU
		{764DB222-DDF4-41A9-91D9-730693A1AF87}.Release|Any CPU.ActiveCfg = Release|Any CPU
		{764DB222-DDF4-41A9-91D9-730693A1AF87}.Release|Any CPU.Build.0 = Release|Any CPU
	EndGlobalSection
	GlobalSection(SolutionProperties) = preSolution
		HideSolutionNode = FALSE
	EndGlobalSection
	GlobalSection(ExtensibilityGlobals) = postSolution
		SolutionGuid = {F2DEC2BB-6118-4609-BCF4-7CABFD49EFD0}
	EndGlobalSection
EndGlobal
