
Microsoft Visual Studio Solution File, Format Version 12.00
# Visual Studio Version 17
VisualStudioVersion = 17.8.34525.116
MinimumVisualStudioVersion = 10.0.40219.1
Project("{FAE04EC0-301F-11D3-BF4B-00C04F79EFBC}") = "WEBAPICodeFirst", "WEBAPICodeFirst\WEBAPICodeFirst.csproj", "{BCA24CBD-FE60-4C1D-8B95-6A3C97A0424F}"
EndProject
Global
	GlobalSection(SolutionConfigurationPlatforms) = preSolution
		Debug|Any CPU = Debug|Any CPU
		Release|Any CPU = Release|Any CPU
	EndGlobalSection
	GlobalSection(ProjectConfigurationPlatforms) = postSolution
		{BCA24CBD-FE60-4C1D-8B95-6A3C97A0424F}.Debug|Any CPU.ActiveCfg = Debug|Any CPU
		{BCA24CBD-FE60-4C1D-8B95-6A3C97A0424F}.Debug|Any CPU.Build.0 = Debug|Any CPU
		{BCA24CBD-FE60-4C1D-8B95-6A3C97A0424F}.Release|Any CPU.ActiveCfg = Release|Any CPU
		{BCA24CBD-FE60-4C1D-8B95-6A3C97A0424F}.Release|Any CPU.Build.0 = Release|Any CPU
	EndGlobalSection
	GlobalSection(SolutionProperties) = preSolution
		HideSolutionNode = FALSE
	EndGlobalSection
	GlobalSection(ExtensibilityGlobals) = postSolution
		SolutionGuid = {77B99D02-A86E-48EE-BF4C-3558E8CE350B}
	EndGlobalSection
EndGlobal
