
Microsoft Visual Studio Solution File, Format Version 12.00
# Visual Studio Version 17
VisualStudioVersion = 17.8.34525.116
MinimumVisualStudioVersion = 10.0.40219.1
Project("{FAE04EC0-301F-11D3-BF4B-00C04F79EFBC}") = "BlogWebApi", "BlogWebApi\BlogWebApi.csproj", "{283B9FF3-E36E-443D-9181-FAAF71B3D450}"
EndProject
Global
	GlobalSection(SolutionConfigurationPlatforms) = preSolution
		Debug|Any CPU = Debug|Any CPU
		Release|Any CPU = Release|Any CPU
	EndGlobalSection
	GlobalSection(ProjectConfigurationPlatforms) = postSolution
		{283B9FF3-E36E-443D-9181-FAAF71B3D450}.Debug|Any CPU.ActiveCfg = Debug|Any CPU
		{283B9FF3-E36E-443D-9181-FAAF71B3D450}.Debug|Any CPU.Build.0 = Debug|Any CPU
		{283B9FF3-E36E-443D-9181-FAAF71B3D450}.Release|Any CPU.ActiveCfg = Release|Any CPU
		{283B9FF3-E36E-443D-9181-FAAF71B3D450}.Release|Any CPU.Build.0 = Release|Any CPU
	EndGlobalSection
	GlobalSection(SolutionProperties) = preSolution
		HideSolutionNode = FALSE
	EndGlobalSection
	GlobalSection(ExtensibilityGlobals) = postSolution
		SolutionGuid = {8BA6736D-B549-4409-8BD6-CEFD0C61B6B5}
	EndGlobalSection
EndGlobal
