
Microsoft Visual Studio Solution File, Format Version 12.00
# Visual Studio Version 17
VisualStudioVersion = 17.8.34525.116
MinimumVisualStudioVersion = 10.0.40219.1
Project("{FAE04EC0-301F-11D3-BF4B-00C04F79EFBC}") = "WindowsFormsApp4", "WindowsFormsApp4\WindowsFormsApp4.csproj", "{AF3DC429-7B8E-464F-AABD-3CFF9D7DB9CB}"
EndProject
Global
	GlobalSection(SolutionConfigurationPlatforms) = preSolution
		Debug|Any CPU = Debug|Any CPU
		Release|Any CPU = Release|Any CPU
	EndGlobalSection
	GlobalSection(ProjectConfigurationPlatforms) = postSolution
		{AF3DC429-7B8E-464F-AABD-3CFF9D7DB9CB}.Debug|Any CPU.ActiveCfg = Debug|Any CPU
		{AF3DC429-7B8E-464F-AABD-3CFF9D7DB9CB}.Debug|Any CPU.Build.0 = Debug|Any CPU
		{AF3DC429-7B8E-464F-AABD-3CFF9D7DB9CB}.Release|Any CPU.ActiveCfg = Release|Any CPU
		{AF3DC429-7B8E-464F-AABD-3CFF9D7DB9CB}.Release|Any CPU.Build.0 = Release|Any CPU
	EndGlobalSection
	GlobalSection(SolutionProperties) = preSolution
		HideSolutionNode = FALSE
	EndGlobalSection
	GlobalSection(ExtensibilityGlobals) = postSolution
		SolutionGuid = {ADEDD2DE-EDDF-4BD1-82F6-C1520C2CC619}
	EndGlobalSection
EndGlobal
