
Microsoft Visual Studio Solution File, Format Version 12.00
# Visual Studio Version 17
VisualStudioVersion = 17.9.34701.34
MinimumVisualStudioVersion = 10.0.40219.1
Project("{FAE04EC0-301F-11D3-BF4B-00C04F79EFBC}") = "QuizGame", "QuizGame.csproj", "{5ADF9F6B-D4F3-46F7-B7A3-D5422E459C8F}"
EndProject
Global
	GlobalSection(SolutionConfigurationPlatforms) = preSolution
		Debug|Any CPU = Debug|Any CPU
		Release|Any CPU = Release|Any CPU
	EndGlobalSection
	GlobalSection(ProjectConfigurationPlatforms) = postSolution
		{5ADF9F6B-D4F3-46F7-B7A3-D5422E459C8F}.Debug|Any CPU.ActiveCfg = Debug|Any CPU
		{5ADF9F6B-D4F3-46F7-B7A3-D5422E459C8F}.Debug|Any CPU.Build.0 = Debug|Any CPU
		{5ADF9F6B-D4F3-46F7-B7A3-D5422E459C8F}.Release|Any CPU.ActiveCfg = Release|Any CPU
		{5ADF9F6B-D4F3-46F7-B7A3-D5422E459C8F}.Release|Any CPU.Build.0 = Release|Any CPU
	EndGlobalSection
	GlobalSection(SolutionProperties) = preSolution
		HideSolutionNode = FALSE
	EndGlobalSection
	GlobalSection(ExtensibilityGlobals) = postSolution
		SolutionGuid = {BE0ECBDE-05FB-4DB3-AEC1-844E3DF9628F}
	EndGlobalSection
EndGlobal
