
Microsoft Visual Studio Solution File, Format Version 12.00
# Visual Studio Version 17
VisualStudioVersion = 17.8.34525.116
MinimumVisualStudioVersion = 10.0.40219.1
Project("{FAE04EC0-301F-11D3-BF4B-00C04F79EFBC}") = "ConsoleApp2", "ConsoleApp2\ConsoleApp2.csproj", "{DFAFC196-B4B8-4936-ABC1-2ACA09426287}"
EndProject
Global
	GlobalSection(SolutionConfigurationPlatforms) = preSolution
		Debug|Any CPU = Debug|Any CPU
		Release|Any CPU = Release|Any CPU
	EndGlobalSection
	GlobalSection(ProjectConfigurationPlatforms) = postSolution
		{DFAFC196-B4B8-4936-ABC1-2ACA09426287}.Debug|Any CPU.ActiveCfg = Debug|Any CPU
		{DFAFC196-B4B8-4936-ABC1-2ACA09426287}.Debug|Any CPU.Build.0 = Debug|Any CPU
		{DFAFC196-B4B8-4936-ABC1-2ACA09426287}.Release|Any CPU.ActiveCfg = Release|Any CPU
		{DFAFC196-B4B8-4936-ABC1-2ACA09426287}.Release|Any CPU.Build.0 = Release|Any CPU
	EndGlobalSection
	GlobalSection(SolutionProperties) = preSolution
		HideSolutionNode = FALSE
	EndGlobalSection
	GlobalSection(ExtensibilityGlobals) = postSolution
		SolutionGuid = {B9B47058-F974-494D-B692-26226BEA21E0}
	EndGlobalSection
EndGlobal
