
Microsoft Visual Studio Solution File, Format Version 12.00
# Visual Studio Version 17
VisualStudioVersion = 17.8.34525.116
MinimumVisualStudioVersion = 10.0.40219.1
Project("{FAE04EC0-301F-11D3-BF4B-00C04F79EFBC}") = "EntityFramework", "EntityFramework\EntityFramework.csproj", "{F0B4C5DE-0808-4590-8A1E-86B6A7DC1BCC}"
EndProject
Global
	GlobalSection(SolutionConfigurationPlatforms) = preSolution
		Debug|Any CPU = Debug|Any CPU
		Release|Any CPU = Release|Any CPU
	EndGlobalSection
	GlobalSection(ProjectConfigurationPlatforms) = postSolution
		{F0B4C5DE-0808-4590-8A1E-86B6A7DC1BCC}.Debug|Any CPU.ActiveCfg = Debug|Any CPU
		{F0B4C5DE-0808-4590-8A1E-86B6A7DC1BCC}.Debug|Any CPU.Build.0 = Debug|Any CPU
		{F0B4C5DE-0808-4590-8A1E-86B6A7DC1BCC}.Release|Any CPU.ActiveCfg = Release|Any CPU
		{F0B4C5DE-0808-4590-8A1E-86B6A7DC1BCC}.Release|Any CPU.Build.0 = Release|Any CPU
	EndGlobalSection
	GlobalSection(SolutionProperties) = preSolution
		HideSolutionNode = FALSE
	EndGlobalSection
	GlobalSection(ExtensibilityGlobals) = postSolution
		SolutionGuid = {F271D42A-4984-43B4-8206-67CE9938A948}
	EndGlobalSection
EndGlobal
