
Microsoft Visual Studio Solution File, Format Version 12.00
# Visual Studio Version 17
VisualStudioVersion = 17.8.34525.116
MinimumVisualStudioVersion = 10.0.40219.1
Project("{9A19103F-16F7-4668-BE54-9A1E7A4F7556}") = "WebApp", "WebApp\WebApp.csproj", "{ECD6D687-9D36-4224-8D1C-DC76F40EECFE}"
EndProject
Project("{9A19103F-16F7-4668-BE54-9A1E7A4F7556}") = "Web.DataAccess", "Web.DataAccess\Web.DataAccess.csproj", "{2D578000-E349-442F-AE7B-1B9FFFBB9C39}"
EndProject
Project("{9A19103F-16F7-4668-BE54-9A1E7A4F7556}") = "Web.Models", "Web.Models\Web.Models.csproj", "{1FB88196-550E-4B1B-9BCF-437198FEFD95}"
EndProject
Project("{9A19103F-16F7-4668-BE54-9A1E7A4F7556}") = "Web.Utility", "Web.Utility\Web.Utility.csproj", "{6A1DBD8A-B012-4379-AEFA-D5E1E14D1A2E}"
EndProject
Project("{2150E333-8FDC-42A3-9474-1A3956D46DE8}") = "Solution Items", "Solution Items", "{F8D3A31D-5A7C-4E82-B121-3AFE5B5A6FB1}"
	ProjectSection(SolutionItems) = preProject
		Readme.md = Readme.md
	EndProjectSection
EndProject
Global
	GlobalSection(SolutionConfigurationPlatforms) = preSolution
		Debug|Any CPU = Debug|Any CPU
		Release|Any CPU = Release|Any CPU
	EndGlobalSection
	GlobalSection(ProjectConfigurationPlatforms) = postSolution
		{ECD6D687-9D36-4224-8D1C-DC76F40EECFE}.Debug|Any CPU.ActiveCfg = Debug|Any CPU
		{ECD6D687-9D36-4224-8D1C-DC76F40EECFE}.Debug|Any CPU.Build.0 = Debug|Any CPU
		{ECD6D687-9D36-4224-8D1C-DC76F40EECFE}.Release|Any CPU.ActiveCfg = Release|Any CPU
		{ECD6D687-9D36-4224-8D1C-DC76F40EECFE}.Release|Any CPU.Build.0 = Release|Any CPU
		{2D578000-E349-442F-AE7B-1B9FFFBB9C39}.Debug|Any CPU.ActiveCfg = Debug|Any CPU
		{2D578000-E349-442F-AE7B-1B9FFFBB9C39}.Debug|Any CPU.Build.0 = Debug|Any CPU
		{2D578000-E349-442F-AE7B-1B9FFFBB9C39}.Release|Any CPU.ActiveCfg = Release|Any CPU
		{2D578000-E349-442F-AE7B-1B9FFFBB9C39}.Release|Any CPU.Build.0 = Release|Any CPU
		{1FB88196-550E-4B1B-9BCF-437198FEFD95}.Debug|Any CPU.ActiveCfg = Debug|Any CPU
		{1FB88196-550E-4B1B-9BCF-437198FEFD95}.Debug|Any CPU.Build.0 = Debug|Any CPU
		{1FB88196-550E-4B1B-9BCF-437198FEFD95}.Release|Any CPU.ActiveCfg = Release|Any CPU
		{1FB88196-550E-4B1B-9BCF-437198FEFD95}.Release|Any CPU.Build.0 = Release|Any CPU
		{6A1DBD8A-B012-4379-AEFA-D5E1E14D1A2E}.Debug|Any CPU.ActiveCfg = Debug|Any CPU
		{6A1DBD8A-B012-4379-AEFA-D5E1E14D1A2E}.Debug|Any CPU.Build.0 = Debug|Any CPU
		{6A1DBD8A-B012-4379-AEFA-D5E1E14D1A2E}.Release|Any CPU.ActiveCfg = Release|Any CPU
		{6A1DBD8A-B012-4379-AEFA-D5E1E14D1A2E}.Release|Any CPU.Build.0 = Release|Any CPU
	EndGlobalSection
	GlobalSection(SolutionProperties) = preSolution
		HideSolutionNode = FALSE
	EndGlobalSection
	GlobalSection(ExtensibilityGlobals) = postSolution
		SolutionGuid = {15ED6551-24C0-4E35-80B3-72497A3ECF80}
	EndGlobalSection
EndGlobal
