
Microsoft Visual Studio Solution File, Format Version 12.00
# Visual Studio Version 17
VisualStudioVersion = 17.8.34525.116
MinimumVisualStudioVersion = 10.0.40219.1
Project("{FAE04EC0-301F-11D3-BF4B-00C04F79EFBC}") = "PracticeC#", "PracticeC#\PracticeC#.csproj", "{7DFA1777-079A-4E5E-A03F-11AC28D2C988}"
EndProject
Global
	GlobalSection(SolutionConfigurationPlatforms) = preSolution
		Debug|Any CPU = Debug|Any CPU
		Release|Any CPU = Release|Any CPU
	EndGlobalSection
	GlobalSection(ProjectConfigurationPlatforms) = postSolution
		{7DFA1777-079A-4E5E-A03F-11AC28D2C988}.Debug|Any CPU.ActiveCfg = Debug|Any CPU
		{7DFA1777-079A-4E5E-A03F-11AC28D2C988}.Debug|Any CPU.Build.0 = Debug|Any CPU
		{7DFA1777-079A-4E5E-A03F-11AC28D2C988}.Release|Any CPU.ActiveCfg = Release|Any CPU
		{7DFA1777-079A-4E5E-A03F-11AC28D2C988}.Release|Any CPU.Build.0 = Release|Any CPU
	EndGlobalSection
	GlobalSection(SolutionProperties) = preSolution
		HideSolutionNode = FALSE
	EndGlobalSection
	GlobalSection(ExtensibilityGlobals) = postSolution
		SolutionGuid = {52F39B3C-C26B-4948-B522-D167A2F53FA4}
	EndGlobalSection
EndGlobal
