
Microsoft Visual Studio Solution File, Format Version 12.00
# Visual Studio Version 17
VisualStudioVersion = 17.7.34202.233
MinimumVisualStudioVersion = 10.0.40219.1
Project("{FAE04EC0-301F-11D3-BF4B-00C04F79EFBC}") = "Week-2", "Week-2\Week-2.csproj", "{EE487131-BA34-4E33-BFBE-6CA3D7F95FDF}"
EndProject
Global
	GlobalSection(SolutionConfigurationPlatforms) = preSolution
		Debug|Any CPU = Debug|Any CPU
		Release|Any CPU = Release|Any CPU
	EndGlobalSection
	GlobalSection(ProjectConfigurationPlatforms) = postSolution
		{EE487131-BA34-4E33-BFBE-6CA3D7F95FDF}.Debug|Any CPU.ActiveCfg = Debug|Any CPU
		{EE487131-BA34-4E33-BFBE-6CA3D7F95FDF}.Debug|Any CPU.Build.0 = Debug|Any CPU
		{EE487131-BA34-4E33-BFBE-6CA3D7F95FDF}.Release|Any CPU.ActiveCfg = Release|Any CPU
		{EE487131-BA34-4E33-BFBE-6CA3D7F95FDF}.Release|Any CPU.Build.0 = Release|Any CPU
	EndGlobalSection
	GlobalSection(SolutionProperties) = preSolution
		HideSolutionNode = FALSE
	EndGlobalSection
	GlobalSection(ExtensibilityGlobals) = postSolution
		SolutionGuid = {0456A7F5-901E-4B6E-9A0A-AC933CEFA853}
	EndGlobalSection
EndGlobal
