
Microsoft Visual Studio Solution File, Format Version 12.00
# Visual Studio Version 17
VisualStudioVersion = 17.8.34525.116
MinimumVisualStudioVersion = 10.0.40219.1
Project("{FAE04EC0-301F-11D3-BF4B-00C04F79EFBC}") = "PracticeForm", "PracticeForm\PracticeForm.csproj", "{7855611B-1EF0-413E-AFE1-A0DA89A753F7}"
EndProject
Global
	GlobalSection(SolutionConfigurationPlatforms) = preSolution
		Debug|Any CPU = Debug|Any CPU
		Release|Any CPU = Release|Any CPU
	EndGlobalSection
	GlobalSection(ProjectConfigurationPlatforms) = postSolution
		{7855611B-1EF0-413E-AFE1-A0DA89A753F7}.Debug|Any CPU.ActiveCfg = Debug|Any CPU
		{7855611B-1EF0-413E-AFE1-A0DA89A753F7}.Debug|Any CPU.Build.0 = Debug|Any CPU
		{7855611B-1EF0-413E-AFE1-A0DA89A753F7}.Release|Any CPU.ActiveCfg = Release|Any CPU
		{7855611B-1EF0-413E-AFE1-A0DA89A753F7}.Release|Any CPU.Build.0 = Release|Any CPU
	EndGlobalSection
	GlobalSection(SolutionProperties) = preSolution
		HideSolutionNode = FALSE
	EndGlobalSection
	GlobalSection(ExtensibilityGlobals) = postSolution
		SolutionGuid = {92C02777-3106-4C39-9EE1-A4CDA526C487}
	EndGlobalSection
EndGlobal
