
Microsoft Visual Studio Solution File, Format Version 12.00
# Visual Studio Version 17
VisualStudioVersion = 17.8.34525.116
MinimumVisualStudioVersion = 10.0.40219.1
Project("{FAE04EC0-301F-11D3-BF4B-00C04F79EFBC}") = "AngularApi", "AngularApi.csproj", "{266B1B11-93F2-4F71-B3E9-A5E3E2196F31}"
EndProject
Global
	GlobalSection(SolutionConfigurationPlatforms) = preSolution
		Debug|Any CPU = Debug|Any CPU
		Release|Any CPU = Release|Any CPU
	EndGlobalSection
	GlobalSection(ProjectConfigurationPlatforms) = postSolution
		{266B1B11-93F2-4F71-B3E9-A5E3E2196F31}.Debug|Any CPU.ActiveCfg = Debug|Any CPU
		{266B1B11-93F2-4F71-B3E9-A5E3E2196F31}.Debug|Any CPU.Build.0 = Debug|Any CPU
		{266B1B11-93F2-4F71-B3E9-A5E3E2196F31}.Release|Any CPU.ActiveCfg = Release|Any CPU
		{266B1B11-93F2-4F71-B3E9-A5E3E2196F31}.Release|Any CPU.Build.0 = Release|Any CPU
	EndGlobalSection
	GlobalSection(SolutionProperties) = preSolution
		HideSolutionNode = FALSE
	EndGlobalSection
	GlobalSection(ExtensibilityGlobals) = postSolution
		SolutionGuid = {E03651AD-5A48-43D0-AF15-10B2843AAE80}
	EndGlobalSection
EndGlobal
