
Microsoft Visual Studio Solution File, Format Version 12.00
# Visual Studio Version 17
VisualStudioVersion = 17.8.34525.116
MinimumVisualStudioVersion = 10.0.40219.1
Project("{FAE04EC0-301F-11D3-BF4B-00C04F79EFBC}") = "New project", "New project\New project.csproj", "{28E7966E-9C25-4DE5-857E-9B51E0E3D055}"
EndProject
Global
	GlobalSection(SolutionConfigurationPlatforms) = preSolution
		Debug|Any CPU = Debug|Any CPU
		Release|Any CPU = Release|Any CPU
	EndGlobalSection
	GlobalSection(ProjectConfigurationPlatforms) = postSolution
		{28E7966E-9C25-4DE5-857E-9B51E0E3D055}.Debug|Any CPU.ActiveCfg = Debug|Any CPU
		{28E7966E-9C25-4DE5-857E-9B51E0E3D055}.Debug|Any CPU.Build.0 = Debug|Any CPU
		{28E7966E-9C25-4DE5-857E-9B51E0E3D055}.Release|Any CPU.ActiveCfg = Release|Any CPU
		{28E7966E-9C25-4DE5-857E-9B51E0E3D055}.Release|Any CPU.Build.0 = Release|Any CPU
	EndGlobalSection
	GlobalSection(SolutionProperties) = preSolution
		HideSolutionNode = FALSE
	EndGlobalSection
	GlobalSection(ExtensibilityGlobals) = postSolution
		SolutionGuid = {61AAD315-0526-426C-9F81-8CA6207E013C}
	EndGlobalSection
EndGlobal
