
Microsoft Visual Studio Solution File, Format Version 12.00
# Visual Studio Version 17
VisualStudioVersion = 17.8.34525.116
MinimumVisualStudioVersion = 10.0.40219.1
Project("{FAE04EC0-301F-11D3-BF4B-00C04F79EFBC}") = "MVC_ER", "MVC_ER\MVC_ER.csproj", "{FD629BD9-4D54-49B0-9864-D8D55828A275}"
EndProject
Global
	GlobalSection(SolutionConfigurationPlatforms) = preSolution
		Debug|Any CPU = Debug|Any CPU
		Release|Any CPU = Release|Any CPU
	EndGlobalSection
	GlobalSection(ProjectConfigurationPlatforms) = postSolution
		{FD629BD9-4D54-49B0-9864-D8D55828A275}.Debug|Any CPU.ActiveCfg = Debug|Any CPU
		{FD629BD9-4D54-49B0-9864-D8D55828A275}.Debug|Any CPU.Build.0 = Debug|Any CPU
		{FD629BD9-4D54-49B0-9864-D8D55828A275}.Release|Any CPU.ActiveCfg = Release|Any CPU
		{FD629BD9-4D54-49B0-9864-D8D55828A275}.Release|Any CPU.Build.0 = Release|Any CPU
	EndGlobalSection
	GlobalSection(SolutionProperties) = preSolution
		HideSolutionNode = FALSE
	EndGlobalSection
	GlobalSection(ExtensibilityGlobals) = postSolution
		SolutionGuid = {9A1426FD-D594-42C5-A3D8-912CA824AAE4}
	EndGlobalSection
EndGlobal
