
Microsoft Visual Studio Solution File, Format Version 12.00
# Visual Studio Version 17
VisualStudioVersion = 17.8.34525.116
MinimumVisualStudioVersion = 10.0.40219.1
Project("{FAE04EC0-301F-11D3-BF4B-00C04F79EFBC}") = "Login", "Login\Login.csproj", "{E2ED45D7-CBC3-4DE8-99A7-E7894D015D27}"
EndProject
Global
	GlobalSection(SolutionConfigurationPlatforms) = preSolution
		Debug|Any CPU = Debug|Any CPU
		Release|Any CPU = Release|Any CPU
	EndGlobalSection
	GlobalSection(ProjectConfigurationPlatforms) = postSolution
		{E2ED45D7-CBC3-4DE8-99A7-E7894D015D27}.Debug|Any CPU.ActiveCfg = Debug|Any CPU
		{E2ED45D7-CBC3-4DE8-99A7-E7894D015D27}.Debug|Any CPU.Build.0 = Debug|Any CPU
		{E2ED45D7-CBC3-4DE8-99A7-E7894D015D27}.Release|Any CPU.ActiveCfg = Release|Any CPU
		{E2ED45D7-CBC3-4DE8-99A7-E7894D015D27}.Release|Any CPU.Build.0 = Release|Any CPU
	EndGlobalSection
	GlobalSection(SolutionProperties) = preSolution
		HideSolutionNode = FALSE
	EndGlobalSection
	GlobalSection(ExtensibilityGlobals) = postSolution
		SolutionGuid = {A2D9DC5F-3EAA-478E-A49E-70CB7B604615}
	EndGlobalSection
EndGlobal
