
Microsoft Visual Studio Solution File, Format Version 12.00
# Visual Studio Version 17
VisualStudioVersion = 17.8.34525.116
MinimumVisualStudioVersion = 10.0.40219.1
Project("{FAE04EC0-301F-11D3-BF4B-00C04F79EFBC}") = "ProjectApi", "ProjectApi\ProjectApi.csproj", "{51AC4879-47C8-4F12-9398-5A35B1D6CD75}"
EndProject
Global
	GlobalSection(SolutionConfigurationPlatforms) = preSolution
		Debug|Any CPU = Debug|Any CPU
		Release|Any CPU = Release|Any CPU
	EndGlobalSection
	GlobalSection(ProjectConfigurationPlatforms) = postSolution
		{51AC4879-47C8-4F12-9398-5A35B1D6CD75}.Debug|Any CPU.ActiveCfg = Debug|Any CPU
		{51AC4879-47C8-4F12-9398-5A35B1D6CD75}.Debug|Any CPU.Build.0 = Debug|Any CPU
		{51AC4879-47C8-4F12-9398-5A35B1D6CD75}.Release|Any CPU.ActiveCfg = Release|Any CPU
		{51AC4879-47C8-4F12-9398-5A35B1D6CD75}.Release|Any CPU.Build.0 = Release|Any CPU
	EndGlobalSection
	GlobalSection(SolutionProperties) = preSolution
		HideSolutionNode = FALSE
	EndGlobalSection
	GlobalSection(ExtensibilityGlobals) = postSolution
		SolutionGuid = {A0029DFE-DE51-40F6-AB84-D9D71AB6DB0E}
	EndGlobalSection
EndGlobal
