
Microsoft Visual Studio Solution File, Format Version 12.00
# Visual Studio Version 17
VisualStudioVersion = 17.8.34525.116
MinimumVisualStudioVersion = 10.0.40219.1
Project("{FAE04EC0-301F-11D3-BF4B-00C04F79EFBC}") = "Api", "Api.csproj", "{76825B64-48D1-4249-9FB6-523E6F842DDF}"
EndProject
Global
	GlobalSection(SolutionConfigurationPlatforms) = preSolution
		Debug|Any CPU = Debug|Any CPU
		Release|Any CPU = Release|Any CPU
	EndGlobalSection
	GlobalSection(ProjectConfigurationPlatforms) = postSolution
		{76825B64-48D1-4249-9FB6-523E6F842DDF}.Debug|Any CPU.ActiveCfg = Debug|Any CPU
		{76825B64-48D1-4249-9FB6-523E6F842DDF}.Debug|Any CPU.Build.0 = Debug|Any CPU
		{76825B64-48D1-4249-9FB6-523E6F842DDF}.Release|Any CPU.ActiveCfg = Release|Any CPU
		{76825B64-48D1-4249-9FB6-523E6F842DDF}.Release|Any CPU.Build.0 = Release|Any CPU
	EndGlobalSection
	GlobalSection(SolutionProperties) = preSolution
		HideSolutionNode = FALSE
	EndGlobalSection
	GlobalSection(ExtensibilityGlobals) = postSolution
		SolutionGuid = {2840E89F-9AA2-4A65-8036-485891EE7012}
	EndGlobalSection
EndGlobal
