
Microsoft Visual Studio Solution File, Format Version 12.00
# Visual Studio Version 17
VisualStudioVersion = 17.8.34525.116
MinimumVisualStudioVersion = 10.0.40219.1
Project("{FAE04EC0-301F-11D3-BF4B-00C04F79EFBC}") = "Inheritance", "Inheritance\Inheritance.csproj", "{1F1FA280-10E3-4C23-85A8-327767E0639D}"
EndProject
Global
	GlobalSection(SolutionConfigurationPlatforms) = preSolution
		Debug|Any CPU = Debug|Any CPU
		Release|Any CPU = Release|Any CPU
	EndGlobalSection
	GlobalSection(ProjectConfigurationPlatforms) = postSolution
		{1F1FA280-10E3-4C23-85A8-327767E0639D}.Debug|Any CPU.ActiveCfg = Debug|Any CPU
		{1F1FA280-10E3-4C23-85A8-327767E0639D}.Debug|Any CPU.Build.0 = Debug|Any CPU
		{1F1FA280-10E3-4C23-85A8-327767E0639D}.Release|Any CPU.ActiveCfg = Release|Any CPU
		{1F1FA280-10E3-4C23-85A8-327767E0639D}.Release|Any CPU.Build.0 = Release|Any CPU
	EndGlobalSection
	GlobalSection(SolutionProperties) = preSolution
		HideSolutionNode = FALSE
	EndGlobalSection
	GlobalSection(ExtensibilityGlobals) = postSolution
		SolutionGuid = {D1641076-9082-4244-AEB1-8285B47AFAB4}
	EndGlobalSection
EndGlobal
