
Microsoft Visual Studio Solution File, Format Version 12.00
# Visual Studio Version 17
VisualStudioVersion = 17.9.34701.34
MinimumVisualStudioVersion = 10.0.40219.1
Project("{FAE04EC0-301F-11D3-BF4B-00C04F79EFBC}") = "CRUD_ASP", "CRUD_ASP.csproj", "{B5D705F5-ABD0-4BE4-8C4A-5BA7BF4E1477}"
EndProject
Global
	GlobalSection(SolutionConfigurationPlatforms) = preSolution
		Debug|Any CPU = Debug|Any CPU
		Release|Any CPU = Release|Any CPU
	EndGlobalSection
	GlobalSection(ProjectConfigurationPlatforms) = postSolution
		{B5D705F5-ABD0-4BE4-8C4A-5BA7BF4E1477}.Debug|Any CPU.ActiveCfg = Debug|Any CPU
		{B5D705F5-ABD0-4BE4-8C4A-5BA7BF4E1477}.Debug|Any CPU.Build.0 = Debug|Any CPU
		{B5D705F5-ABD0-4BE4-8C4A-5BA7BF4E1477}.Release|Any CPU.ActiveCfg = Release|Any CPU
		{B5D705F5-ABD0-4BE4-8C4A-5BA7BF4E1477}.Release|Any CPU.Build.0 = Release|Any CPU
	EndGlobalSection
	GlobalSection(SolutionProperties) = preSolution
		HideSolutionNode = FALSE
	EndGlobalSection
	GlobalSection(ExtensibilityGlobals) = postSolution
		SolutionGuid = {8B168609-9EFF-46B7-B24C-F4F0D6ECAD52}
	EndGlobalSection
EndGlobal
